// !$*UTF8*$!
{
	archiveVersion = 1;
	classes = {
	};
	objectVersion = 50;
	objects = {

/* Begin PBXBuildFile section */
		3B08B198270CAEBF0099EF65 /* TestView.swift in Sources */ = {isa = PBXBuildFile; fileRef = 3B08B197270CAEBF0099EF65 /* TestView.swift */; };
		3B08B19C270CD6220099EF65 /* TestResultView.swift in Sources */ = {isa = PBXBuildFile; fileRef = 3B08B19B270CD6220099EF65 /* TestResultView.swift */; };
		3B1CF9C627D5C30100ECAA3E /* GoogleService-Info.plist in Resources */ = {isa = PBXBuildFile; fileRef = 3B1CF9C527D5C30100ECAA3E /* GoogleService-Info.plist */; };
		3B5502F527050327007A0A56 /* LearningApp.swift in Sources */ = {isa = PBXBuildFile; fileRef = 3B5502F427050327007A0A56 /* LearningApp.swift */; };
		3B5502F727050327007A0A56 /* HomeView.swift in Sources */ = {isa = PBXBuildFile; fileRef = 3B5502F627050327007A0A56 /* HomeView.swift */; };
		3B5502F927050333007A0A56 /* Assets.xcassets in Resources */ = {isa = PBXBuildFile; fileRef = 3B5502F827050333007A0A56 /* Assets.xcassets */; };
		3B5502FC27050333007A0A56 /* Preview Assets.xcassets in Resources */ = {isa = PBXBuildFile; fileRef = 3B5502FB27050333007A0A56 /* Preview Assets.xcassets */; };
		3B55030B270503DC007A0A56 /* ContentModel.swift in Sources */ = {isa = PBXBuildFile; fileRef = 3B55030A270503DC007A0A56 /* ContentModel.swift */; };
		3B5503112705493D007A0A56 /* style.html in Resources */ = {isa = PBXBuildFile; fileRef = 3B55030F2705493D007A0A56 /* style.html */; };
		3B5503122705493D007A0A56 /* data.json in Resources */ = {isa = PBXBuildFile; fileRef = 3B5503102705493D007A0A56 /* data.json */; };
		3B55031527054B2A007A0A56 /* Models.swift in Sources */ = {isa = PBXBuildFile; fileRef = 3B55031427054B2A007A0A56 /* Models.swift */; };
		3B55031827076588007A0A56 /* HomeViewRow.swift in Sources */ = {isa = PBXBuildFile; fileRef = 3B55031727076588007A0A56 /* HomeViewRow.swift */; };
		3B55031B2707698A007A0A56 /* ContentView.swift in Sources */ = {isa = PBXBuildFile; fileRef = 3B55031A2707698A007A0A56 /* ContentView.swift */; };
		3B55031E27076ECD007A0A56 /* ContentViewRow.swift in Sources */ = {isa = PBXBuildFile; fileRef = 3B55031D27076ECD007A0A56 /* ContentViewRow.swift */; };
		3B550321270770BE007A0A56 /* ContentDetailView.swift in Sources */ = {isa = PBXBuildFile; fileRef = 3B550320270770BE007A0A56 /* ContentDetailView.swift */; };
		3B550325270797F0007A0A56 /* AVKit.framework in Frameworks */ = {isa = PBXBuildFile; fileRef = 3B550324270797F0007A0A56 /* AVKit.framework */; };
		3B5503272707992E007A0A56 /* Constants.swift in Sources */ = {isa = PBXBuildFile; fileRef = 3B5503262707992E007A0A56 /* Constants.swift */; };
		3B55036B270B5662007A0A56 /* CodeTextView.swift in Sources */ = {isa = PBXBuildFile; fileRef = 3B55036A270B5662007A0A56 /* CodeTextView.swift */; };
		3B55038D270B9128007A0A56 /* RectangleCard.swift in Sources */ = {isa = PBXBuildFile; fileRef = 3B55038C270B9128007A0A56 /* RectangleCard.swift */; };
		7B849F64CE0E9D73ED2F887B /* Pods_LearningApp.framework in Frameworks */ = {isa = PBXBuildFile; fileRef = FC1DFE921204BC1026C60C4B /* Pods_LearningApp.framework */; };
/* End PBXBuildFile section */

/* Begin PBXFileReference section */
		3B08B197270CAEBF0099EF65 /* TestView.swift */ = {isa = PBXFileReference; lastKnownFileType = sourcecode.swift; path = TestView.swift; sourceTree = "<group>"; };
		3B08B19B270CD6220099EF65 /* TestResultView.swift */ = {isa = PBXFileReference; lastKnownFileType = sourcecode.swift; path = TestResultView.swift; sourceTree = "<group>"; };
		3B1CF9C527D5C30100ECAA3E /* GoogleService-Info.plist */ = {isa = PBXFileReference; fileEncoding = 4; lastKnownFileType = text.plist.xml; path = "GoogleService-Info.plist"; sourceTree = "<group>"; };
		3B5502F127050327007A0A56 /* LearningApp.app */ = {isa = PBXFileReference; explicitFileType = wrapper.application; includeInIndex = 0; path = LearningApp.app; sourceTree = BUILT_PRODUCTS_DIR; };
		3B5502F427050327007A0A56 /* LearningApp.swift */ = {isa = PBXFileReference; lastKnownFileType = sourcecode.swift; path = LearningApp.swift; sourceTree = "<group>"; };
		3B5502F627050327007A0A56 /* HomeView.swift */ = {isa = PBXFileReference; lastKnownFileType = sourcecode.swift; path = HomeView.swift; sourceTree = "<group>"; };
		3B5502F827050333007A0A56 /* Assets.xcassets */ = {isa = PBXFileReference; lastKnownFileType = folder.assetcatalog; path = Assets.xcassets; sourceTree = "<group>"; };
		3B5502FB27050333007A0A56 /* Preview Assets.xcassets */ = {isa = PBXFileReference; lastKnownFileType = folder.assetcatalog; path = "Preview Assets.xcassets"; sourceTree = "<group>"; };
		3B5502FD27050333007A0A56 /* Info.plist */ = {isa = PBXFileReference; lastKnownFileType = text.plist.xml; path = Info.plist; sourceTree = "<group>"; };
		3B55030A270503DC007A0A56 /* ContentModel.swift */ = {isa = PBXFileReference; lastKnownFileType = sourcecode.swift; path = ContentModel.swift; sourceTree = "<group>"; };
		3B55030F2705493D007A0A56 /* style.html */ = {isa = PBXFileReference; fileEncoding = 4; lastKnownFileType = text.html; path = style.html; sourceTree = "<group>"; };
		3B5503102705493D007A0A56 /* data.json */ = {isa = PBXFileReference; fileEncoding = 4; lastKnownFileType = text.json; path = data.json; sourceTree = "<group>"; };
		3B55031427054B2A007A0A56 /* Models.swift */ = {isa = PBXFileReference; lastKnownFileType = sourcecode.swift; path = Models.swift; sourceTree = "<group>"; };
		3B55031727076588007A0A56 /* HomeViewRow.swift */ = {isa = PBXFileReference; lastKnownFileType = sourcecode.swift; path = HomeViewRow.swift; sourceTree = "<group>"; };
		3B55031A2707698A007A0A56 /* ContentView.swift */ = {isa = PBXFileReference; lastKnownFileType = sourcecode.swift; path = ContentView.swift; sourceTree = "<group>"; };
		3B55031D27076ECD007A0A56 /* ContentViewRow.swift */ = {isa = PBXFileReference; lastKnownFileType = sourcecode.swift; path = ContentViewRow.swift; sourceTree = "<group>"; };
		3B550320270770BE007A0A56 /* ContentDetailView.swift */ = {isa = PBXFileReference; lastKnownFileType = sourcecode.swift; path = ContentDetailView.swift; sourceTree = "<group>"; };
		3B550324270797F0007A0A56 /* AVKit.framework */ = {isa = PBXFileReference; lastKnownFileType = wrapper.framework; name = AVKit.framework; path = System/Library/Frameworks/AVKit.framework; sourceTree = SDKROOT; };
		3B5503262707992E007A0A56 /* Constants.swift */ = {isa = PBXFileReference; lastKnownFileType = sourcecode.swift; path = Constants.swift; sourceTree = "<group>"; };
		3B55036A270B5662007A0A56 /* CodeTextView.swift */ = {isa = PBXFileReference; lastKnownFileType = sourcecode.swift; path = CodeTextView.swift; sourceTree = "<group>"; };
		3B55038C270B9128007A0A56 /* RectangleCard.swift */ = {isa = PBXFileReference; lastKnownFileType = sourcecode.swift; path = RectangleCard.swift; sourceTree = "<group>"; };
		7768DD75A35EA643F40064DC /* Pods-LearningApp.release.xcconfig */ = {isa = PBXFileReference; includeInIndex = 1; lastKnownFileType = text.xcconfig; name = "Pods-LearningApp.release.xcconfig"; path = "Target Support Files/Pods-LearningApp/Pods-LearningApp.release.xcconfig"; sourceTree = "<group>"; };
		AF4C5FEB4C9050A68FE152D2 /* Pods-LearningApp.debug.xcconfig */ = {isa = PBXFileReference; includeInIndex = 1; lastKnownFileType = text.xcconfig; name = "Pods-LearningApp.debug.xcconfig"; path = "Target Support Files/Pods-LearningApp/Pods-LearningApp.debug.xcconfig"; sourceTree = "<group>"; };
		FC1DFE921204BC1026C60C4B /* Pods_LearningApp.framework */ = {isa = PBXFileReference; explicitFileType = wrapper.framework; includeInIndex = 0; path = Pods_LearningApp.framework; sourceTree = BUILT_PRODUCTS_DIR; };
/* End PBXFileReference section */

/* Begin PBXFrameworksBuildPhase section */
		3B5502EE27050327007A0A56 /* Frameworks */ = {
			isa = PBXFrameworksBuildPhase;
			buildActionMask = 2147483647;
			files = (
				3B550325270797F0007A0A56 /* AVKit.framework in Frameworks */,
				7B849F64CE0E9D73ED2F887B /* Pods_LearningApp.framework in Frameworks */,
			);
			runOnlyForDeploymentPostprocessing = 0;
		};
/* End PBXFrameworksBuildPhase section */

/* Begin PBXGroup section */
		3B5502E827050327007A0A56 = {
			isa = PBXGroup;
			children = (
				3B5502F327050327007A0A56 /* LearningApp */,
				3B5502F227050327007A0A56 /* Products */,
				3B550323270797F0007A0A56 /* Frameworks */,
				72C1D63B4668CD428EE732E2 /* Pods */,
			);
			sourceTree = "<group>";
		};
		3B5502F227050327007A0A56 /* Products */ = {
			isa = PBXGroup;
			children = (
				3B5502F127050327007A0A56 /* LearningApp.app */,
			);
			name = Products;
			sourceTree = "<group>";
		};
		3B5502F327050327007A0A56 /* LearningApp */ = {
			isa = PBXGroup;
			children = (
				3B5502F427050327007A0A56 /* LearningApp.swift */,
				3B550307270503AC007A0A56 /* View */,
				3B550306270503A4007A0A56 /* ViewModel */,
				3B5503052705039D007A0A56 /* Model */,
				3B550308270503B0007A0A56 /* Resource */,
				3B550309270503B7007A0A56 /* Utilities */,
				3B5502F827050333007A0A56 /* Assets.xcassets */,
				3B5502FD27050333007A0A56 /* Info.plist */,
				3B1CF9C527D5C30100ECAA3E /* GoogleService-Info.plist */,
				3B5502FA27050333007A0A56 /* Preview Content */,
			);
			path = LearningApp;
			sourceTree = "<group>";
		};
		3B5502FA27050333007A0A56 /* Preview Content */ = {
			isa = PBXGroup;
			children = (
				3B5502FB27050333007A0A56 /* Preview Assets.xcassets */,
			);
			path = "Preview Content";
			sourceTree = "<group>";
		};
		3B5503052705039D007A0A56 /* Model */ = {
			isa = PBXGroup;
			children = (
				3B55031427054B2A007A0A56 /* Models.swift */,
			);
			path = Model;
			sourceTree = "<group>";
		};
		3B550306270503A4007A0A56 /* ViewModel */ = {
			isa = PBXGroup;
			children = (
				3B55030A270503DC007A0A56 /* ContentModel.swift */,
			);
			path = ViewModel;
			sourceTree = "<group>";
		};
		3B550307270503AC007A0A56 /* View */ = {
			isa = PBXGroup;
			children = (
				3B5502F627050327007A0A56 /* HomeView.swift */,
				3B55031727076588007A0A56 /* HomeViewRow.swift */,
				3B55031A2707698A007A0A56 /* ContentView.swift */,
				3B55031D27076ECD007A0A56 /* ContentViewRow.swift */,
				3B550320270770BE007A0A56 /* ContentDetailView.swift */,
				3B08B197270CAEBF0099EF65 /* TestView.swift */,
				3B08B19B270CD6220099EF65 /* TestResultView.swift */,
				3B55036A270B5662007A0A56 /* CodeTextView.swift */,
				3B55038C270B9128007A0A56 /* RectangleCard.swift */,
			);
			path = View;
			sourceTree = "<group>";
		};
		3B550308270503B0007A0A56 /* Resource */ = {
			isa = PBXGroup;
			children = (
				3B5503102705493D007A0A56 /* data.json */,
				3B55030F2705493D007A0A56 /* style.html */,
				3B5503262707992E007A0A56 /* Constants.swift */,
			);
			path = Resource;
			sourceTree = "<group>";
		};
		3B550309270503B7007A0A56 /* Utilities */ = {
			isa = PBXGroup;
			children = (
			);
			path = Utilities;
			sourceTree = "<group>";
		};
		3B550323270797F0007A0A56 /* Frameworks */ = {
			isa = PBXGroup;
			children = (
				3B550324270797F0007A0A56 /* AVKit.framework */,
				FC1DFE921204BC1026C60C4B /* Pods_LearningApp.framework */,
			);
			name = Frameworks;
			sourceTree = "<group>";
		};
		72C1D63B4668CD428EE732E2 /* Pods */ = {
			isa = PBXGroup;
			children = (
				AF4C5FEB4C9050A68FE152D2 /* Pods-LearningApp.debug.xcconfig */,
				7768DD75A35EA643F40064DC /* Pods-LearningApp.release.xcconfig */,
			);
			name = Pods;
			path = Pods;
			sourceTree = "<group>";
		};
/* End PBXGroup section */

/* Begin PBXNativeTarget section */
		3B5502F027050327007A0A56 /* LearningApp */ = {
			isa = PBXNativeTarget;
			buildConfigurationList = 3B55030027050333007A0A56 /* Build configuration list for PBXNativeTarget "LearningApp" */;
			buildPhases = (
				C210B7F8B390B7E61017D645 /* [CP] Check Pods Manifest.lock */,
				3B5502ED27050327007A0A56 /* Sources */,
				3B5502EE27050327007A0A56 /* Frameworks */,
				3B5502EF27050327007A0A56 /* Resources */,
				0B5D19FBBDF5D7F78D1FF167 /* [CP] Embed Pods Frameworks */,
			);
			buildRules = (
			);
			dependencies = (
			);
			name = LearningApp;
			productName = LearningApp;
			productReference = 3B5502F127050327007A0A56 /* LearningApp.app */;
			productType = "com.apple.product-type.application";
		};
/* End PBXNativeTarget section */

/* Begin PBXProject section */
		3B5502E927050327007A0A56 /* Project object */ = {
			isa = PBXProject;
			attributes = {
				LastSwiftUpdateCheck = 1240;
				LastUpgradeCheck = 1240;
				TargetAttributes = {
					3B5502F027050327007A0A56 = {
						CreatedOnToolsVersion = 12.4;
					};
				};
			};
			buildConfigurationList = 3B5502EC27050327007A0A56 /* Build configuration list for PBXProject "LearningApp" */;
			compatibilityVersion = "Xcode 9.3";
			developmentRegion = en;
			hasScannedForEncodings = 0;
			knownRegions = (
				en,
				Base,
			);
			mainGroup = 3B5502E827050327007A0A56;
			productRefGroup = 3B5502F227050327007A0A56 /* Products */;
			projectDirPath = "";
			projectRoot = "";
			targets = (
				3B5502F027050327007A0A56 /* LearningApp */,
			);
		};
/* End PBXProject section */

/* Begin PBXResourcesBuildPhase section */
		3B5502EF27050327007A0A56 /* Resources */ = {
			isa = PBXResourcesBuildPhase;
			buildActionMask = 2147483647;
			files = (
				3B5503112705493D007A0A56 /* style.html in Resources */,
				3B5502FC27050333007A0A56 /* Preview Assets.xcassets in Resources */,
				3B1CF9C627D5C30100ECAA3E /* GoogleService-Info.plist in Resources */,
				3B5502F927050333007A0A56 /* Assets.xcassets in Resources */,
				3B5503122705493D007A0A56 /* data.json in Resources */,
			);
			runOnlyForDeploymentPostprocessing = 0;
		};
/* End PBXResourcesBuildPhase section */

/* Begin PBXShellScriptBuildPhase section */
		0B5D19FBBDF5D7F78D1FF167 /* [CP] Embed Pods Frameworks */ = {
			isa = PBXShellScriptBuildPhase;
			buildActionMask = 2147483647;
			files = (
			);
			inputFileListPaths = (
				"${PODS_ROOT}/Target Support Files/Pods-LearningApp/Pods-LearningApp-frameworks-${CONFIGURATION}-input-files.xcfilelist",
			);
			name = "[CP] Embed Pods Frameworks";
			outputFileListPaths = (
				"${PODS_ROOT}/Target Support Files/Pods-LearningApp/Pods-LearningApp-frameworks-${CONFIGURATION}-output-files.xcfilelist",
			);
			runOnlyForDeploymentPostprocessing = 0;
			shellPath = /bin/sh;
			shellScript = "\"${PODS_ROOT}/Target Support Files/Pods-LearningApp/Pods-LearningApp-frameworks.sh\"\n";
			showEnvVarsInLog = 0;
		};
		C210B7F8B390B7E61017D645 /* [CP] Check Pods Manifest.lock */ = {
			isa = PBXShellScriptBuildPhase;
			buildActionMask = 2147483647;
			files = (
			);
			inputFileListPaths = (
			);
			inputPaths = (
				"${PODS_PODFILE_DIR_PATH}/Podfile.lock",
				"${PODS_ROOT}/Manifest.lock",
			);
			name = "[CP] Check Pods Manifest.lock";
			outputFileListPaths = (
			);
			outputPaths = (
				"$(DERIVED_FILE_DIR)/Pods-LearningApp-checkManifestLockResult.txt",
			);
			runOnlyForDeploymentPostprocessing = 0;
			shellPath = /bin/sh;
			shellScript = "diff \"${PODS_PODFILE_DIR_PATH}/Podfile.lock\" \"${PODS_ROOT}/Manifest.lock\" > /dev/null\nif [ $? != 0 ] ; then\n    # print error to STDERR\n    echo \"error: The sandbox is not in sync with the Podfile.lock. Run 'pod install' or update your CocoaPods installation.\" >&2\n    exit 1\nfi\n# This output is used by Xcode 'outputs' to avoid re-running this script phase.\necho \"SUCCESS\" > \"${SCRIPT_OUTPUT_FILE_0}\"\n";
			showEnvVarsInLog = 0;
		};
/* End PBXShellScriptBuildPhase section */

/* Begin PBXSourcesBuildPhase section */
		3B5502ED27050327007A0A56 /* Sources */ = {
			isa = PBXSourcesBuildPhase;
			buildActionMask = 2147483647;
			files = (
				3B08B198270CAEBF0099EF65 /* TestView.swift in Sources */,
				3B08B19C270CD6220099EF65 /* TestResultView.swift in Sources */,
				3B5502F727050327007A0A56 /* HomeView.swift in Sources */,
				3B55031827076588007A0A56 /* HomeViewRow.swift in Sources */,
				3B55031B2707698A007A0A56 /* ContentView.swift in Sources */,
				3B550321270770BE007A0A56 /* ContentDetailView.swift in Sources */,
				3B5502F527050327007A0A56 /* LearningApp.swift in Sources */,
				3B55031E27076ECD007A0A56 /* ContentViewRow.swift in Sources */,
				3B55036B270B5662007A0A56 /* CodeTextView.swift in Sources */,
				3B55030B270503DC007A0A56 /* ContentModel.swift in Sources */,
				3B55031527054B2A007A0A56 /* Models.swift in Sources */,
				3B55038D270B9128007A0A56 /* RectangleCard.swift in Sources */,
				3B5503272707992E007A0A56 /* Constants.swift in Sources */,
			);
			runOnlyForDeploymentPostprocessing = 0;
		};
/* End PBXSourcesBuildPhase section */

/* Begin XCBuildConfiguration section */
		3B5502FE27050333007A0A56 /* Debug */ = {
			isa = XCBuildConfiguration;
			buildSettings = {
				ALWAYS_SEARCH_USER_PATHS = NO;
				CLANG_ANALYZER_NONNULL = YES;
				CLANG_ANALYZER_NUMBER_OBJECT_CONVERSION = YES_AGGRESSIVE;
				CLANG_CXX_LANGUAGE_STANDARD = "gnu++14";
				CLANG_CXX_LIBRARY = "libc++";
				CLANG_ENABLE_MODULES = YES;
				CLANG_ENABLE_OBJC_ARC = YES;
				CLANG_ENABLE_OBJC_WEAK = YES;
				CLANG_WARN_BLOCK_CAPTURE_AUTORELEASING = YES;
				CLANG_WARN_BOOL_CONVERSION = YES;
				CLANG_WARN_COMMA = YES;
				CLANG_WARN_CONSTANT_CONVERSION = YES;
				CLANG_WARN_DEPRECATED_OBJC_IMPLEMENTATIONS = YES;
				CLANG_WARN_DIRECT_OBJC_ISA_USAGE = YES_ERROR;
				CLANG_WARN_DOCUMENTATION_COMMENTS = YES;
				CLANG_WARN_EMPTY_BODY = YES;
				CLANG_WARN_ENUM_CONVERSION = YES;
				CLANG_WARN_INFINITE_RECURSION = YES;
				CLANG_WARN_INT_CONVERSION = YES;
				CLANG_WARN_NON_LITERAL_NULL_CONVERSION = YES;
				CLANG_WARN_OBJC_IMPLICIT_RETAIN_SELF = YES;
				CLANG_WARN_OBJC_LITERAL_CONVERSION = YES;
				CLANG_WARN_OBJC_ROOT_CLASS = YES_ERROR;
				CLANG_WARN_QUOTED_INCLUDE_IN_FRAMEWORK_HEADER = YES;
				CLANG_WARN_RANGE_LOOP_ANALYSIS = YES;
				CLANG_WARN_STRICT_PROTOTYPES = YES;
				CLANG_WARN_SUSPICIOUS_MOVE = YES;
				CLANG_WARN_UNGUARDED_AVAILABILITY = YES_AGGRESSIVE;
				CLANG_WARN_UNREACHABLE_CODE = YES;
				CLANG_WARN__DUPLICATE_METHOD_MATCH = YES;
				COPY_PHASE_STRIP = NO;
				DEBUG_INFORMATION_FORMAT = dwarf;
				ENABLE_STRICT_OBJC_MSGSEND = YES;
				ENABLE_TESTABILITY = YES;
				GCC_C_LANGUAGE_STANDARD = gnu11;
				GCC_DYNAMIC_NO_PIC = NO;
				GCC_NO_COMMON_BLOCKS = YES;
				GCC_OPTIMIZATION_LEVEL = 0;
				GCC_PREPROCESSOR_DEFINITIONS = (
					"DEBUG=1",
					"$(inherited)",
				);
				GCC_WARN_64_TO_32_BIT_CONVERSION = YES;
				GCC_WARN_ABOUT_RETURN_TYPE = YES_ERROR;
				GCC_WARN_UNDECLARED_SELECTOR = YES;
				GCC_WARN_UNINITIALIZED_AUTOS = YES_AGGRESSIVE;
				GCC_WARN_UNUSED_FUNCTION = YES;
				GCC_WARN_UNUSED_VARIABLE = YES;
				IPHONEOS_DEPLOYMENT_TARGET = 14.4;
				MTL_ENABLE_DEBUG_INFO = INCLUDE_SOURCE;
				MTL_FAST_MATH = YES;
				ONLY_ACTIVE_ARCH = YES;
				SDKROOT = iphoneos;
				SWIFT_ACTIVE_COMPILATION_CONDITIONS = DEBUG;
				SWIFT_OPTIMIZATION_LEVEL = "-Onone";
			};
			name = Debug;
		};
		3B5502FF27050333007A0A56 /* Release */ = {
			isa = XCBuildConfiguration;
			buildSettings = {
				ALWAYS_SEARCH_USER_PATHS = NO;
				CLANG_ANALYZER_NONNULL = YES;
				CLANG_ANALYZER_NUMBER_OBJECT_CONVERSION = YES_AGGRESSIVE;
				CLANG_CXX_LANGUAGE_STANDARD = "gnu++14";
				CLANG_CXX_LIBRARY = "libc++";
				CLANG_ENABLE_MODULES = YES;
				CLANG_ENABLE_OBJC_ARC = YES;
				CLANG_ENABLE_OBJC_WEAK = YES;
				CLANG_WARN_BLOCK_CAPTURE_AUTORELEASING = YES;
				CLANG_WARN_BOOL_CONVERSION = YES;
				CLANG_WARN_COMMA = YES;
				CLANG_WARN_CONSTANT_CONVERSION = YES;
				CLANG_WARN_DEPRECATED_OBJC_IMPLEMENTATIONS = YES;
				CLANG_WARN_DIRECT_OBJC_ISA_USAGE = YES_ERROR;
				CLANG_WARN_DOCUMENTATION_COMMENTS = YES;
				CLANG_WARN_EMPTY_BODY = YES;
				CLANG_WARN_ENUM_CONVERSION = YES;
				CLANG_WARN_INFINITE_RECURSION = YES;
				CLANG_WARN_INT_CONVERSION = YES;
				CLANG_WARN_NON_LITERAL_NULL_CONVERSION = YES;
				CLANG_WARN_OBJC_IMPLICIT_RETAIN_SELF = YES;
				CLANG_WARN_OBJC_LITERAL_CONVERSION = YES;
				CLANG_WARN_OBJC_ROOT_CLASS = YES_ERROR;
				CLANG_WARN_QUOTED_INCLUDE_IN_FRAMEWORK_HEADER = YES;
				CLANG_WARN_RANGE_LOOP_ANALYSIS = YES;
				CLANG_WARN_STRICT_PROTOTYPES = YES;
				CLANG_WARN_SUSPICIOUS_MOVE = YES;
				CLANG_WARN_UNGUARDED_AVAILABILITY = YES_AGGRESSIVE;
				CLANG_WARN_UNREACHABLE_CODE = YES;
				CLANG_WARN__DUPLICATE_METHOD_MATCH = YES;
				COPY_PHASE_STRIP = NO;
				DEBUG_INFORMATION_FORMAT = "dwarf-with-dsym";
				ENABLE_NS_ASSERTIONS = NO;
				ENABLE_STRICT_OBJC_MSGSEND = YES;
				GCC_C_LANGUAGE_STANDARD = gnu11;
				GCC_NO_COMMON_BLOCKS = YES;
				GCC_WARN_64_TO_32_BIT_CONVERSION = YES;
				GCC_WARN_ABOUT_RETURN_TYPE = YES_ERROR;
				GCC_WARN_UNDECLARED_SELECTOR = YES;
				GCC_WARN_UNINITIALIZED_AUTOS = YES_AGGRESSIVE;
				GCC_WARN_UNUSED_FUNCTION = YES;
				GCC_WARN_UNUSED_VARIABLE = YES;
				IPHONEOS_DEPLOYMENT_TARGET = 14.4;
				MTL_ENABLE_DEBUG_INFO = NO;
				MTL_FAST_MATH = YES;
				SDKROOT = iphoneos;
				SWIFT_COMPILATION_MODE = wholemodule;
				SWIFT_OPTIMIZATION_LEVEL = "-O";
				VALIDATE_PRODUCT = YES;
			};
			name = Release;
		};
		3B55030127050333007A0A56 /* Debug */ = {
			isa = XCBuildConfiguration;
			baseConfigurationReference = AF4C5FEB4C9050A68FE152D2 /* Pods-LearningApp.debug.xcconfig */;
			buildSettings = {
				ASSETCATALOG_COMPILER_APPICON_NAME = AppIcon;
				ASSETCATALOG_COMPILER_GLOBAL_ACCENT_COLOR_NAME = AccentColor;
				CODE_SIGN_STYLE = Automatic;
				DEVELOPMENT_ASSET_PATHS = "\"LearningApp/Preview Content\"";
				DEVELOPMENT_TEAM = 2EE5SGL7U2;
				ENABLE_PREVIEWS = YES;
				INFOPLIST_FILE = LearningApp/Info.plist;
				IPHONEOS_DEPLOYMENT_TARGET = 14.0;
				LD_RUNPATH_SEARCH_PATHS = (
					"$(inherited)",
					"@executable_path/Frameworks",
				);
				PRODUCT_BUNDLE_IDENTIFIER = SB.LearningApp;
				PRODUCT_NAME = "$(TARGET_NAME)";
				SWIFT_VERSION = 5.0;
				TARGETED_DEVICE_FAMILY = "1,2";
			};
			name = Debug;
		};
		3B55030227050333007A0A56 /* Release */ = {
			isa = XCBuildConfiguration;
			baseConfigurationReference = 7768DD75A35EA643F40064DC /* Pods-LearningApp.release.xcconfig */;
			buildSettings = {
				ASSETCATALOG_COMPILER_APPICON_NAME = AppIcon;
				ASSETCATALOG_COMPILER_GLOBAL_ACCENT_COLOR_NAME = AccentColor;
				CODE_SIGN_STYLE = Automatic;
				DEVELOPMENT_ASSET_PATHS = "\"LearningApp/Preview Content\"";
				DEVELOPMENT_TEAM = 2EE5SGL7U2;
				ENABLE_PREVIEWS = YES;
				INFOPLIST_FILE = LearningApp/Info.plist;
				IPHONEOS_DEPLOYMENT_TARGET = 14.0;
				LD_RUNPATH_SEARCH_PATHS = (
					"$(inherited)",
					"@executable_path/Frameworks",
				);
				PRODUCT_BUNDLE_IDENTIFIER = SB.LearningApp;
				PRODUCT_NAME = "$(TARGET_NAME)";
				SWIFT_VERSION = 5.0;
				TARGETED_DEVICE_FAMILY = "1,2";
			};
			name = Release;
		};
/* End XCBuildConfiguration section */

/* Begin XCConfigurationList section */
		3B5502EC27050327007A0A56 /* Build configuration list for PBXProject "LearningApp" */ = {
			isa = XCConfigurationList;
			buildConfigurations = (
				3B5502FE27050333007A0A56 /* Debug */,
				3B5502FF27050333007A0A56 /* Release */,
			);
			defaultConfigurationIsVisible = 0;
			defaultConfigurationName = Release;
		};
		3B55030027050333007A0A56 /* Build configuration list for PBXNativeTarget "LearningApp" */ = {
			isa = XCConfigurationList;
			buildConfigurations = (
				3B55030127050333007A0A56 /* Debug */,
				3B55030227050333007A0A56 /* Release */,
			);
			defaultConfigurationIsVisible = 0;
			defaultConfigurationName = Release;
		};
/* End XCConfigurationList section */
	};
	rootObject = 3B5502E927050327007A0A56 /* Project object */;
}
